
Microsoft Visual Studio Solution File, Format Version 12.00
Project("{FAE04EC0-301F-11D3-BF4B-00C04F79EFBC}") = "prjct_5", "prjct_5\prjct_5.csproj", "{A9FBBFA0-A8E2-4B20-93DD-6759C748C48D}"
EndProject
Global
	GlobalSection(SolutionConfigurationPlatforms) = preSolution
		Debug|Any CPU = Debug|Any CPU
		Release|Any CPU = Release|Any CPU
	EndGlobalSection
	GlobalSection(ProjectConfigurationPlatforms) = postSolution
		{A9FBBFA0-A8E2-4B20-93DD-6759C748C48D}.Debug|Any CPU.ActiveCfg = Debug|Any CPU
		{A9FBBFA0-A8E2-4B20-93DD-6759C748C48D}.Debug|Any CPU.Build.0 = Debug|Any CPU
		{A9FBBFA0-A8E2-4B20-93DD-6759C748C48D}.Release|Any CPU.ActiveCfg = Release|Any CPU
		{A9FBBFA0-A8E2-4B20-93DD-6759C748C48D}.Release|Any CPU.Build.0 = Release|Any CPU
	EndGlobalSection
EndGlobal
