
Microsoft Visual Studio Solution File, Format Version 12.00
Project("{FAE04EC0-301F-11D3-BF4B-00C04F79EFBC}") = "prjct_4", "prjct_4\prjct_4.csproj", "{63ECC0EB-8B9B-45CB-AC0A-531E89C1CB40}"
EndProject
Global
	GlobalSection(SolutionConfigurationPlatforms) = preSolution
		Debug|Any CPU = Debug|Any CPU
		Release|Any CPU = Release|Any CPU
	EndGlobalSection
	GlobalSection(ProjectConfigurationPlatforms) = postSolution
		{63ECC0EB-8B9B-45CB-AC0A-531E89C1CB40}.Debug|Any CPU.ActiveCfg = Debug|Any CPU
		{63ECC0EB-8B9B-45CB-AC0A-531E89C1CB40}.Debug|Any CPU.Build.0 = Debug|Any CPU
		{63ECC0EB-8B9B-45CB-AC0A-531E89C1CB40}.Release|Any CPU.ActiveCfg = Release|Any CPU
		{63ECC0EB-8B9B-45CB-AC0A-531E89C1CB40}.Release|Any CPU.Build.0 = Release|Any CPU
	EndGlobalSection
EndGlobal
